
Microsoft Visual Studio Solution File, Format Version 12.00
# Visual Studio 2012
Project("{FAE04EC0-301F-11D3-BF4B-00C04F79EFBC}") = "RealTimeGisWithSignalR", "RealTimeGisWithSignalR\RealTimeGisWithSignalR.csproj", "{D2C5A111-0027-439A-8172-2F248319A59B}"
EndProject
Global
	GlobalSection(SolutionConfigurationPlatforms) = preSolution
		Debug|Any CPU = Debug|Any CPU
		Release|Any CPU = Release|Any CPU
	EndGlobalSection
	GlobalSection(ProjectConfigurationPlatforms) = postSolution
		{D2C5A111-0027-439A-8172-2F248319A59B}.Debug|Any CPU.ActiveCfg = Debug|Any CPU
		{D2C5A111-0027-439A-8172-2F248319A59B}.Debug|Any CPU.Build.0 = Debug|Any CPU
		{D2C5A111-0027-439A-8172-2F248319A59B}.Release|Any CPU.ActiveCfg = Release|Any CPU
		{D2C5A111-0027-439A-8172-2F248319A59B}.Release|Any CPU.Build.0 = Release|Any CPU
	EndGlobalSection
	GlobalSection(SolutionProperties) = preSolution
		HideSolutionNode = FALSE
	EndGlobalSection
EndGlobal
